
Microsoft Visual Studio Solution File, Format Version 12.00
# Visual Studio 2012
Project("{FAE04EC0-301F-11D3-BF4B-00C04F79EFBC}") = "SmartContract", "SmartContract\SmartContract.csproj", "{559EFB6F-6D9A-4FC3-9E1D-6B736838CFFC}"
EndProject
Global
	GlobalSection(SolutionConfigurationPlatforms) = preSolution
		Debug|Any CPU = Debug|Any CPU
		Release|Any CPU = Release|Any CPU
	EndGlobalSection
	GlobalSection(ProjectConfigurationPlatforms) = postSolution
		{559EFB6F-6D9A-4FC3-9E1D-6B736838CFFC}.Debug|Any CPU.ActiveCfg = Debug|Any CPU
		{559EFB6F-6D9A-4FC3-9E1D-6B736838CFFC}.Debug|Any CPU.Build.0 = Debug|Any CPU
		{559EFB6F-6D9A-4FC3-9E1D-6B736838CFFC}.Release|Any CPU.ActiveCfg = Release|Any CPU
		{559EFB6F-6D9A-4FC3-9E1D-6B736838CFFC}.Release|Any CPU.Build.0 = Release|Any CPU
	EndGlobalSection
EndGlobal
